
Microsoft Visual Studio Solution File, Format Version 12.00
# Visual Studio 15
VisualStudioVersion = 15.0.27428.2011
MinimumVisualStudioVersion = 10.0.40219.1
Project("{9A19103F-16F7-4668-BE54-9A1E7A4F7556}") = "EventHubGenerator.Ratings", "EventHubGenerator.Ratings\EventHubGenerator.Ratings.csproj", "{5341F578-869A-4A69-9B61-1ED12C6962C3}"
EndProject
Project("{E53339B2-1760-4266-BCC7-CA923CBCF16C}") = "docker-compose", "docker-compose.dcproj", "{8C0BA734-124A-4BE5-90E4-33B8EF23EEB2}"
EndProject
Global
	GlobalSection(SolutionConfigurationPlatforms) = preSolution
		Debug|Any CPU = Debug|Any CPU
		Release|Any CPU = Release|Any CPU
	EndGlobalSection
	GlobalSection(ProjectConfigurationPlatforms) = postSolution
		{5341F578-869A-4A69-9B61-1ED12C6962C3}.Debug|Any CPU.ActiveCfg = Debug|Any CPU
		{5341F578-869A-4A69-9B61-1ED12C6962C3}.Debug|Any CPU.Build.0 = Debug|Any CPU
		{5341F578-869A-4A69-9B61-1ED12C6962C3}.Release|Any CPU.ActiveCfg = Release|Any CPU
		{5341F578-869A-4A69-9B61-1ED12C6962C3}.Release|Any CPU.Build.0 = Release|Any CPU
		{8C0BA734-124A-4BE5-90E4-33B8EF23EEB2}.Debug|Any CPU.ActiveCfg = Debug|Any CPU
		{8C0BA734-124A-4BE5-90E4-33B8EF23EEB2}.Debug|Any CPU.Build.0 = Debug|Any CPU
		{8C0BA734-124A-4BE5-90E4-33B8EF23EEB2}.Release|Any CPU.ActiveCfg = Release|Any CPU
		{8C0BA734-124A-4BE5-90E4-33B8EF23EEB2}.Release|Any CPU.Build.0 = Release|Any CPU
	EndGlobalSection
	GlobalSection(SolutionProperties) = preSolution
		HideSolutionNode = FALSE
	EndGlobalSection
	GlobalSection(ExtensibilityGlobals) = postSolution
		SolutionGuid = {A4C664E6-467C-4A19-BE17-58DF009ABD47}
	EndGlobalSection
EndGlobal
