
Microsoft Visual Studio Solution File, Format Version 12.00
# Visual Studio 15
VisualStudioVersion = 15.0.27428.2011
MinimumVisualStudioVersion = 10.0.40219.1
Project("{FAE04EC0-301F-11D3-BF4B-00C04F79EFBC}") = "EventHubGenerator", "EventHubGenerator\EventHubGenerator.csproj", "{EF9770E1-17A7-4060-8DD3-D6AEF34CE653}"
EndProject
Project("{E53339B2-1760-4266-BCC7-CA923CBCF16C}") = "docker-compose", "docker-compose.dcproj", "{DEF13405-508B-4BDE-921E-FF378A55078A}"
EndProject
Global
	GlobalSection(SolutionConfigurationPlatforms) = preSolution
		Debug|Any CPU = Debug|Any CPU
		Release|Any CPU = Release|Any CPU
	EndGlobalSection
	GlobalSection(ProjectConfigurationPlatforms) = postSolution
		{EF9770E1-17A7-4060-8DD3-D6AEF34CE653}.Debug|Any CPU.ActiveCfg = Debug|Any CPU
		{EF9770E1-17A7-4060-8DD3-D6AEF34CE653}.Debug|Any CPU.Build.0 = Debug|Any CPU
		{EF9770E1-17A7-4060-8DD3-D6AEF34CE653}.Release|Any CPU.ActiveCfg = Release|Any CPU
		{EF9770E1-17A7-4060-8DD3-D6AEF34CE653}.Release|Any CPU.Build.0 = Release|Any CPU
		{DEF13405-508B-4BDE-921E-FF378A55078A}.Debug|Any CPU.ActiveCfg = Debug|Any CPU
		{DEF13405-508B-4BDE-921E-FF378A55078A}.Debug|Any CPU.Build.0 = Debug|Any CPU
		{DEF13405-508B-4BDE-921E-FF378A55078A}.Release|Any CPU.ActiveCfg = Release|Any CPU
		{DEF13405-508B-4BDE-921E-FF378A55078A}.Release|Any CPU.Build.0 = Release|Any CPU
	EndGlobalSection
	GlobalSection(SolutionProperties) = preSolution
		HideSolutionNode = FALSE
	EndGlobalSection
	GlobalSection(ExtensibilityGlobals) = postSolution
		SolutionGuid = {C9E633C6-D6A4-436F-A6D8-3D92DCCBD13A}
	EndGlobalSection
EndGlobal
